
Microsoft Visual Studio Solution File, Format Version 12.00
# Visual Studio Version 17
VisualStudioVersion = 17.8.34511.84
MinimumVisualStudioVersion = 10.0.40219.1
Project("{2150E333-8FDC-42A3-9474-1A3956D46DE8}") = "src", "src", "{4D2941F4-05A5-4C91-84A1-DED65A2F1D43}"
EndProject
Project("{2150E333-8FDC-42A3-9474-1A3956D46DE8}") = "tests", "tests", "{833AE12E-65E5-42E2-ADDC-6CC493C3676C}"
EndProject
Project("{9A19103F-16F7-4668-BE54-9A1E7A4F7556}") = "CompanyEmployees.API", "CompanyEmployees.API\CompanyEmployees.API.csproj", "{31CA7B42-203A-4C53-B76E-9B3C0CEAF5DE}"
EndProject
Project("{9A19103F-16F7-4668-BE54-9A1E7A4F7556}") = "CanisMajoris.Contracts", "CanisMajoris.Contracts\CanisMajoris.Contracts.csproj", "{EF8B0E23-ECDA-4950-A53F-A208E3EE957B}"
EndProject
Project("{9A19103F-16F7-4668-BE54-9A1E7A4F7556}") = "CanisMajoris.LoggerService", "CanisMajoris.LoggerService\CanisMajoris.LoggerService.csproj", "{9E60763A-3A23-4AFD-987E-99A10B9F291F}"
EndProject
Project("{FAE04EC0-301F-11D3-BF4B-00C04F79EFBC}") = "CanisMajoris.Entities", "CanisMajoris.Domain\CanisMajoris.Entities.csproj", "{19ACE405-A78C-4B71-9187-3014263A71A0}"
EndProject
Project("{FAE04EC0-301F-11D3-BF4B-00C04F79EFBC}") = "CanisMajoris.Repository", "CanisMajoris.Repository\CanisMajoris.Repository.csproj", "{DEAD0724-25A2-4E57-8C86-1DA8A50BC4BC}"
EndProject
Project("{FAE04EC0-301F-11D3-BF4B-00C04F79EFBC}") = "CanisMajoris.Services", "CanisMajoris.Services\CanisMajoris.Services.csproj", "{E1E4F648-FC69-46FB-8232-ABFBFA019DDC}"
EndProject
Project("{FAE04EC0-301F-11D3-BF4B-00C04F79EFBC}") = "CanisMajoris.Services.Contracts", "CanisMajoris.Services.Contracts\CanisMajoris.Services.Contracts.csproj", "{F76D7D33-9A27-451C-880B-A7F5959B27B5}"
EndProject
Project("{FAE04EC0-301F-11D3-BF4B-00C04F79EFBC}") = "CanisMajoris.Shared", "CanisMajoris.Shared\CanisMajoris.Shared.csproj", "{B2072975-AD91-4AE7-9D07-F0C071160C82}"
EndProject
Global
	GlobalSection(SolutionConfigurationPlatforms) = preSolution
		Debug|Any CPU = Debug|Any CPU
		Release|Any CPU = Release|Any CPU
	EndGlobalSection
	GlobalSection(ProjectConfigurationPlatforms) = postSolution
		{31CA7B42-203A-4C53-B76E-9B3C0CEAF5DE}.Debug|Any CPU.ActiveCfg = Debug|Any CPU
		{31CA7B42-203A-4C53-B76E-9B3C0CEAF5DE}.Debug|Any CPU.Build.0 = Debug|Any CPU
		{31CA7B42-203A-4C53-B76E-9B3C0CEAF5DE}.Release|Any CPU.ActiveCfg = Release|Any CPU
		{31CA7B42-203A-4C53-B76E-9B3C0CEAF5DE}.Release|Any CPU.Build.0 = Release|Any CPU
		{EF8B0E23-ECDA-4950-A53F-A208E3EE957B}.Debug|Any CPU.ActiveCfg = Debug|Any CPU
		{EF8B0E23-ECDA-4950-A53F-A208E3EE957B}.Debug|Any CPU.Build.0 = Debug|Any CPU
		{EF8B0E23-ECDA-4950-A53F-A208E3EE957B}.Release|Any CPU.ActiveCfg = Release|Any CPU
		{EF8B0E23-ECDA-4950-A53F-A208E3EE957B}.Release|Any CPU.Build.0 = Release|Any CPU
		{9E60763A-3A23-4AFD-987E-99A10B9F291F}.Debug|Any CPU.ActiveCfg = Debug|Any CPU
		{9E60763A-3A23-4AFD-987E-99A10B9F291F}.Debug|Any CPU.Build.0 = Debug|Any CPU
		{9E60763A-3A23-4AFD-987E-99A10B9F291F}.Release|Any CPU.ActiveCfg = Release|Any CPU
		{9E60763A-3A23-4AFD-987E-99A10B9F291F}.Release|Any CPU.Build.0 = Release|Any CPU
		{19ACE405-A78C-4B71-9187-3014263A71A0}.Debug|Any CPU.ActiveCfg = Debug|Any CPU
		{19ACE405-A78C-4B71-9187-3014263A71A0}.Debug|Any CPU.Build.0 = Debug|Any CPU
		{19ACE405-A78C-4B71-9187-3014263A71A0}.Release|Any CPU.ActiveCfg = Release|Any CPU
		{19ACE405-A78C-4B71-9187-3014263A71A0}.Release|Any CPU.Build.0 = Release|Any CPU
		{DEAD0724-25A2-4E57-8C86-1DA8A50BC4BC}.Debug|Any CPU.ActiveCfg = Debug|Any CPU
		{DEAD0724-25A2-4E57-8C86-1DA8A50BC4BC}.Debug|Any CPU.Build.0 = Debug|Any CPU
		{DEAD0724-25A2-4E57-8C86-1DA8A50BC4BC}.Release|Any CPU.ActiveCfg = Release|Any CPU
		{DEAD0724-25A2-4E57-8C86-1DA8A50BC4BC}.Release|Any CPU.Build.0 = Release|Any CPU
		{E1E4F648-FC69-46FB-8232-ABFBFA019DDC}.Debug|Any CPU.ActiveCfg = Debug|Any CPU
		{E1E4F648-FC69-46FB-8232-ABFBFA019DDC}.Debug|Any CPU.Build.0 = Debug|Any CPU
		{E1E4F648-FC69-46FB-8232-ABFBFA019DDC}.Release|Any CPU.ActiveCfg = Release|Any CPU
		{E1E4F648-FC69-46FB-8232-ABFBFA019DDC}.Release|Any CPU.Build.0 = Release|Any CPU
		{F76D7D33-9A27-451C-880B-A7F5959B27B5}.Debug|Any CPU.ActiveCfg = Debug|Any CPU
		{F76D7D33-9A27-451C-880B-A7F5959B27B5}.Debug|Any CPU.Build.0 = Debug|Any CPU
		{F76D7D33-9A27-451C-880B-A7F5959B27B5}.Release|Any CPU.ActiveCfg = Release|Any CPU
		{F76D7D33-9A27-451C-880B-A7F5959B27B5}.Release|Any CPU.Build.0 = Release|Any CPU
		{B2072975-AD91-4AE7-9D07-F0C071160C82}.Debug|Any CPU.ActiveCfg = Debug|Any CPU
		{B2072975-AD91-4AE7-9D07-F0C071160C82}.Debug|Any CPU.Build.0 = Debug|Any CPU
		{B2072975-AD91-4AE7-9D07-F0C071160C82}.Release|Any CPU.ActiveCfg = Release|Any CPU
		{B2072975-AD91-4AE7-9D07-F0C071160C82}.Release|Any CPU.Build.0 = Release|Any CPU
	EndGlobalSection
	GlobalSection(SolutionProperties) = preSolution
		HideSolutionNode = FALSE
	EndGlobalSection
	GlobalSection(NestedProjects) = preSolution
		{31CA7B42-203A-4C53-B76E-9B3C0CEAF5DE} = {4D2941F4-05A5-4C91-84A1-DED65A2F1D43}
		{EF8B0E23-ECDA-4950-A53F-A208E3EE957B} = {4D2941F4-05A5-4C91-84A1-DED65A2F1D43}
		{9E60763A-3A23-4AFD-987E-99A10B9F291F} = {4D2941F4-05A5-4C91-84A1-DED65A2F1D43}
		{19ACE405-A78C-4B71-9187-3014263A71A0} = {4D2941F4-05A5-4C91-84A1-DED65A2F1D43}
		{DEAD0724-25A2-4E57-8C86-1DA8A50BC4BC} = {4D2941F4-05A5-4C91-84A1-DED65A2F1D43}
		{E1E4F648-FC69-46FB-8232-ABFBFA019DDC} = {4D2941F4-05A5-4C91-84A1-DED65A2F1D43}
		{F76D7D33-9A27-451C-880B-A7F5959B27B5} = {4D2941F4-05A5-4C91-84A1-DED65A2F1D43}
		{B2072975-AD91-4AE7-9D07-F0C071160C82} = {4D2941F4-05A5-4C91-84A1-DED65A2F1D43}
	EndGlobalSection
	GlobalSection(ExtensibilityGlobals) = postSolution
		SolutionGuid = {72624221-8443-4513-A4A0-47B083D008AB}
	EndGlobalSection
EndGlobal
